github.com/gopherjs/gopherjs v1.17.2 h1:fQnZVsXk8uxXIStYb0N4bGk7jeyTalG/wsZjQ25dO0g=
github.com/gopherjs/gopherjs v1.17.2/go.mod h1:pRRIvn/QzFLrKfvEz3qUuEhtE/zLCWfreZ6J5gM2i+k=
github.com/oov/psd v0.0.0-20220121172623-5db5eafcecbb h1:JF9kOhBBk4WPF7luXFu5yR+WgaFm9L/KiHJHhU9vDwA=
github.com/oov/psd v0.0.0-20220121172623-5db5eafcecbb/go.mod h1:GHI1bnmAcbp96z6LNfBJvtrjxhaXGkbsk967utPlvL8=
